// !$*UTF8*$!
{
	archiveVersion = 1;
	classes = {
	};
	objectVersion = 50;
	objects = {

/* Begin PBXBuildFile section */
		0304A68EFA9033D01EEE8124 /* libPods-TrackMeUITests.a in Frameworks */ = {isa = PBXBuildFile; fileRef = 7D55913506D7E923E5529735 /* libPods-TrackMeUITests.a */; };
		1809663839CA7ACD0978D9B2 /* libPods-TrackMeTests.a in Frameworks */ = {isa = PBXBuildFile; fileRef = E267A7E431A7C0FBEDEA7DB4 /* libPods-TrackMeTests.a */; };
		36755F844D310C8612C624B5 /* libPods-TrackMe.a in Frameworks */ = {isa = PBXBuildFile; fileRef = 3392C043BB297EF93CA0DAFD /* libPods-TrackMe.a */; };
		C6A6C10020882E9200AB4A9D /* MapViewController.swift in Sources */ = {isa = PBXBuildFile; fileRef = C6A6C0FF20882E9200AB4A9D /* MapViewController.swift */; };
		C6A74B0A2088333700C680B3 /* UserDefaults.swift in Sources */ = {isa = PBXBuildFile; fileRef = C6A74B092088333700C680B3 /* UserDefaults.swift */; };
		C6CF4D082081FA0200B4DCE3 /* AppDelegate.swift in Sources */ = {isa = PBXBuildFile; fileRef = C6CF4D072081FA0200B4DCE3 /* AppDelegate.swift */; };
		C6CF4D0D2081FA0300B4DCE3 /* Main.storyboard in Resources */ = {isa = PBXBuildFile; fileRef = C6CF4D0B2081FA0300B4DCE3 /* Main.storyboard */; };
		C6CF4D122081FA0400B4DCE3 /* Assets.xcassets in Resources */ = {isa = PBXBuildFile; fileRef = C6CF4D112081FA0400B4DCE3 /* Assets.xcassets */; };
		C6CF4D152081FA0400B4DCE3 /* LaunchScreen.storyboard in Resources */ = {isa = PBXBuildFile; fileRef = C6CF4D132081FA0400B4DCE3 /* LaunchScreen.storyboard */; };
		C6CF4D202081FA0400B4DCE3 /* TrackMeTests.swift in Sources */ = {isa = PBXBuildFile; fileRef = C6CF4D1F2081FA0400B4DCE3 /* TrackMeTests.swift */; };
		C6CF4D2B2081FA0400B4DCE3 /* TrackMeUITests.swift in Sources */ = {isa = PBXBuildFile; fileRef = C6CF4D2A2081FA0400B4DCE3 /* TrackMeUITests.swift */; };
		C6CF4D3D2081FBA000B4DCE3 /* LocalAuthHandler.swift in Sources */ = {isa = PBXBuildFile; fileRef = C6CF4D3C2081FBA000B4DCE3 /* LocalAuthHandler.swift */; };
		C6CF4D402082007700B4DCE3 /* UIViewController+PresentedViewController.swift in Sources */ = {isa = PBXBuildFile; fileRef = C6CF4D3F2082007700B4DCE3 /* UIViewController+PresentedViewController.swift */; };
		C6CF4D412082007700B4DCE3 /* UIViewController+PresentedViewController.swift in Sources */ = {isa = PBXBuildFile; fileRef = C6CF4D3F2082007700B4DCE3 /* UIViewController+PresentedViewController.swift */; };
		C6CF4D422082007700B4DCE3 /* UIViewController+PresentedViewController.swift in Sources */ = {isa = PBXBuildFile; fileRef = C6CF4D3F2082007700B4DCE3 /* UIViewController+PresentedViewController.swift */; };
		C6CF4D45208216C500B4DCE3 /* HomeViewController.swift in Sources */ = {isa = PBXBuildFile; fileRef = C6CF4D44208216C500B4DCE3 /* HomeViewController.swift */; };
		C6CF4D46208216C500B4DCE3 /* HomeViewController.swift in Sources */ = {isa = PBXBuildFile; fileRef = C6CF4D44208216C500B4DCE3 /* HomeViewController.swift */; };
		C6CF4D47208216C500B4DCE3 /* HomeViewController.swift in Sources */ = {isa = PBXBuildFile; fileRef = C6CF4D44208216C500B4DCE3 /* HomeViewController.swift */; };
		C6CF4D4A20821B5100B4DCE3 /* LocationManager.swift in Sources */ = {isa = PBXBuildFile; fileRef = C6CF4D4920821B5100B4DCE3 /* LocationManager.swift */; };
		C6CF4D4B20821B5100B4DCE3 /* LocationManager.swift in Sources */ = {isa = PBXBuildFile; fileRef = C6CF4D4920821B5100B4DCE3 /* LocationManager.swift */; };
		C6CF4D4C20821B5100B4DCE3 /* LocationManager.swift in Sources */ = {isa = PBXBuildFile; fileRef = C6CF4D4920821B5100B4DCE3 /* LocationManager.swift */; };
		C6CF4D4E20822E1900B4DCE3 /* MapKit.framework in Frameworks */ = {isa = PBXBuildFile; fileRef = C6CF4D4D20822E1900B4DCE3 /* MapKit.framework */; };
		C6CF4D5020823E7A00B4DCE3 /* UIViewController+Alert.swift in Sources */ = {isa = PBXBuildFile; fileRef = C6CF4D4F20823E7A00B4DCE3 /* UIViewController+Alert.swift */; };
		C6CF4D5120823E7A00B4DCE3 /* UIViewController+Alert.swift in Sources */ = {isa = PBXBuildFile; fileRef = C6CF4D4F20823E7A00B4DCE3 /* UIViewController+Alert.swift */; };
		C6CF4D5220823E7A00B4DCE3 /* UIViewController+Alert.swift in Sources */ = {isa = PBXBuildFile; fileRef = C6CF4D4F20823E7A00B4DCE3 /* UIViewController+Alert.swift */; };
		C6CF4D6D2082FB8400B4DCE3 /* TrackMe.xcdatamodeld in Sources */ = {isa = PBXBuildFile; fileRef = C6CF4D6B2082FB8400B4DCE3 /* TrackMe.xcdatamodeld */; };
		C6CF4D6E2082FB8400B4DCE3 /* TrackMe.xcdatamodeld in Sources */ = {isa = PBXBuildFile; fileRef = C6CF4D6B2082FB8400B4DCE3 /* TrackMe.xcdatamodeld */; };
		C6CF4D6F2082FB8400B4DCE3 /* TrackMe.xcdatamodeld in Sources */ = {isa = PBXBuildFile; fileRef = C6CF4D6B2082FB8400B4DCE3 /* TrackMe.xcdatamodeld */; };
		C6CF4D712082FBFF00B4DCE3 /* PersistentStore.swift in Sources */ = {isa = PBXBuildFile; fileRef = C6CF4D702082FBFF00B4DCE3 /* PersistentStore.swift */; };
		C6CF4D722082FBFF00B4DCE3 /* PersistentStore.swift in Sources */ = {isa = PBXBuildFile; fileRef = C6CF4D702082FBFF00B4DCE3 /* PersistentStore.swift */; };
		C6CF4D732082FBFF00B4DCE3 /* PersistentStore.swift in Sources */ = {isa = PBXBuildFile; fileRef = C6CF4D702082FBFF00B4DCE3 /* PersistentStore.swift */; };
		C6CF4D752082FCDD00B4DCE3 /* CoreDataManager.swift in Sources */ = {isa = PBXBuildFile; fileRef = C6CF4D742082FCDD00B4DCE3 /* CoreDataManager.swift */; };
		C6CF4D762082FCDD00B4DCE3 /* CoreDataManager.swift in Sources */ = {isa = PBXBuildFile; fileRef = C6CF4D742082FCDD00B4DCE3 /* CoreDataManager.swift */; };
		C6CF4D772082FCDD00B4DCE3 /* CoreDataManager.swift in Sources */ = {isa = PBXBuildFile; fileRef = C6CF4D742082FCDD00B4DCE3 /* CoreDataManager.swift */; };
		C6CF4D7A2083536A00B4DCE3 /* HistoryViewController.swift in Sources */ = {isa = PBXBuildFile; fileRef = C6CF4D792083536A00B4DCE3 /* HistoryViewController.swift */; };
		C6CF4D7B2083536A00B4DCE3 /* HistoryViewController.swift in Sources */ = {isa = PBXBuildFile; fileRef = C6CF4D792083536A00B4DCE3 /* HistoryViewController.swift */; };
		C6CF4D7C2083536A00B4DCE3 /* HistoryViewController.swift in Sources */ = {isa = PBXBuildFile; fileRef = C6CF4D792083536A00B4DCE3 /* HistoryViewController.swift */; };
		C6CF4D7E2083598B00B4DCE3 /* LocationTableViewCell.swift in Sources */ = {isa = PBXBuildFile; fileRef = C6CF4D7D2083598B00B4DCE3 /* LocationTableViewCell.swift */; };
		C6CF4D7F2083598B00B4DCE3 /* LocationTableViewCell.swift in Sources */ = {isa = PBXBuildFile; fileRef = C6CF4D7D2083598B00B4DCE3 /* LocationTableViewCell.swift */; };
		C6CF4D802083598B00B4DCE3 /* LocationTableViewCell.swift in Sources */ = {isa = PBXBuildFile; fileRef = C6CF4D7D2083598B00B4DCE3 /* LocationTableViewCell.swift */; };
		C6CF4D8220835A9100B4DCE3 /* UIView+Autolayout.swift in Sources */ = {isa = PBXBuildFile; fileRef = C6CF4D8120835A9100B4DCE3 /* UIView+Autolayout.swift */; };
		C6CF4D8320835A9100B4DCE3 /* UIView+Autolayout.swift in Sources */ = {isa = PBXBuildFile; fileRef = C6CF4D8120835A9100B4DCE3 /* UIView+Autolayout.swift */; };
		C6CF4D8420835A9100B4DCE3 /* UIView+Autolayout.swift in Sources */ = {isa = PBXBuildFile; fileRef = C6CF4D8120835A9100B4DCE3 /* UIView+Autolayout.swift */; };
		C6CF4D862083611C00B4DCE3 /* NSDate+String.swift in Sources */ = {isa = PBXBuildFile; fileRef = C6CF4D852083611C00B4DCE3 /* NSDate+String.swift */; };
		C6CF4D872083611C00B4DCE3 /* NSDate+String.swift in Sources */ = {isa = PBXBuildFile; fileRef = C6CF4D852083611C00B4DCE3 /* NSDate+String.swift */; };
		C6CF4D882083611C00B4DCE3 /* NSDate+String.swift in Sources */ = {isa = PBXBuildFile; fileRef = C6CF4D852083611C00B4DCE3 /* NSDate+String.swift */; };
/* End PBXBuildFile section */

/* Begin PBXContainerItemProxy section */
		C6CF4D1C2081FA0400B4DCE3 /* PBXContainerItemProxy */ = {
			isa = PBXContainerItemProxy;
			containerPortal = C6CF4CFC2081FA0200B4DCE3 /* Project object */;
			proxyType = 1;
			remoteGlobalIDString = C6CF4D032081FA0200B4DCE3;
			remoteInfo = TravelTrack;
		};
		C6CF4D272081FA0400B4DCE3 /* PBXContainerItemProxy */ = {
			isa = PBXContainerItemProxy;
			containerPortal = C6CF4CFC2081FA0200B4DCE3 /* Project object */;
			proxyType = 1;
			remoteGlobalIDString = C6CF4D032081FA0200B4DCE3;
			remoteInfo = TravelTrack;
		};
/* End PBXContainerItemProxy section */

/* Begin PBXFileReference section */
		0C10711E0B20938051D84C2E /* Pods-TrackMeTests.release.xcconfig */ = {isa = PBXFileReference; includeInIndex = 1; lastKnownFileType = text.xcconfig; name = "Pods-TrackMeTests.release.xcconfig"; path = "Pods/Target Support Files/Pods-TrackMeTests/Pods-TrackMeTests.release.xcconfig"; sourceTree = "<group>"; };
		3392C043BB297EF93CA0DAFD /* libPods-TrackMe.a */ = {isa = PBXFileReference; explicitFileType = archive.ar; includeInIndex = 0; path = "libPods-TrackMe.a"; sourceTree = BUILT_PRODUCTS_DIR; };
		33B0E5DA32EF43587D36888F /* Pods-TrackMeUITests.debug.xcconfig */ = {isa = PBXFileReference; includeInIndex = 1; lastKnownFileType = text.xcconfig; name = "Pods-TrackMeUITests.debug.xcconfig"; path = "Pods/Target Support Files/Pods-TrackMeUITests/Pods-TrackMeUITests.debug.xcconfig"; sourceTree = "<group>"; };
		37500277C8F983DFF6B754CC /* Pods-TrackMe.debug.xcconfig */ = {isa = PBXFileReference; includeInIndex = 1; lastKnownFileType = text.xcconfig; name = "Pods-TrackMe.debug.xcconfig"; path = "Pods/Target Support Files/Pods-TrackMe/Pods-TrackMe.debug.xcconfig"; sourceTree = "<group>"; };
		79B87F3EF026804BF7E4C19A /* Pods-TrackMeTests.debug.xcconfig */ = {isa = PBXFileReference; includeInIndex = 1; lastKnownFileType = text.xcconfig; name = "Pods-TrackMeTests.debug.xcconfig"; path = "Pods/Target Support Files/Pods-TrackMeTests/Pods-TrackMeTests.debug.xcconfig"; sourceTree = "<group>"; };
		7D55913506D7E923E5529735 /* libPods-TrackMeUITests.a */ = {isa = PBXFileReference; explicitFileType = archive.ar; includeInIndex = 0; path = "libPods-TrackMeUITests.a"; sourceTree = BUILT_PRODUCTS_DIR; };
		A16F4EA44086A8983778591C /* Pods-TrackMeUITests.release.xcconfig */ = {isa = PBXFileReference; includeInIndex = 1; lastKnownFileType = text.xcconfig; name = "Pods-TrackMeUITests.release.xcconfig"; path = "Pods/Target Support Files/Pods-TrackMeUITests/Pods-TrackMeUITests.release.xcconfig"; sourceTree = "<group>"; };
		BF5784B468FE44ED59A2FAB2 /* Pods-TrackMe.release.xcconfig */ = {isa = PBXFileReference; includeInIndex = 1; lastKnownFileType = text.xcconfig; name = "Pods-TrackMe.release.xcconfig"; path = "Pods/Target Support Files/Pods-TrackMe/Pods-TrackMe.release.xcconfig"; sourceTree = "<group>"; };
		C6A6C0FF20882E9200AB4A9D /* MapViewController.swift */ = {isa = PBXFileReference; lastKnownFileType = sourcecode.swift; path = MapViewController.swift; sourceTree = "<group>"; };
		C6A74B092088333700C680B3 /* UserDefaults.swift */ = {isa = PBXFileReference; lastKnownFileType = sourcecode.swift; path = UserDefaults.swift; sourceTree = "<group>"; };
		C6CF4D042081FA0200B4DCE3 /* TrackMe.app */ = {isa = PBXFileReference; explicitFileType = wrapper.application; includeInIndex = 0; path = TrackMe.app; sourceTree = BUILT_PRODUCTS_DIR; };
		C6CF4D072081FA0200B4DCE3 /* AppDelegate.swift */ = {isa = PBXFileReference; lastKnownFileType = sourcecode.swift; path = AppDelegate.swift; sourceTree = "<group>"; };
		C6CF4D0C2081FA0300B4DCE3 /* Base */ = {isa = PBXFileReference; lastKnownFileType = file.storyboard; name = Base; path = Base.lproj/Main.storyboard; sourceTree = "<group>"; };
		C6CF4D112081FA0400B4DCE3 /* Assets.xcassets */ = {isa = PBXFileReference; lastKnownFileType = folder.assetcatalog; path = Assets.xcassets; sourceTree = "<group>"; };
		C6CF4D142081FA0400B4DCE3 /* Base */ = {isa = PBXFileReference; lastKnownFileType = file.storyboard; name = Base; path = Base.lproj/LaunchScreen.storyboard; sourceTree = "<group>"; };
		C6CF4D162081FA0400B4DCE3 /* Info.plist */ = {isa = PBXFileReference; lastKnownFileType = text.plist.xml; path = Info.plist; sourceTree = "<group>"; };
		C6CF4D1B2081FA0400B4DCE3 /* TrackMeTests.xctest */ = {isa = PBXFileReference; explicitFileType = wrapper.cfbundle; includeInIndex = 0; path = TrackMeTests.xctest; sourceTree = BUILT_PRODUCTS_DIR; };
		C6CF4D1F2081FA0400B4DCE3 /* TrackMeTests.swift */ = {isa = PBXFileReference; lastKnownFileType = sourcecode.swift; path = TrackMeTests.swift; sourceTree = "<group>"; };
		C6CF4D212081FA0400B4DCE3 /* Info.plist */ = {isa = PBXFileReference; lastKnownFileType = text.plist.xml; path = Info.plist; sourceTree = "<group>"; };
		C6CF4D262081FA0400B4DCE3 /* TrackMeUITests.xctest */ = {isa = PBXFileReference; explicitFileType = wrapper.cfbundle; includeInIndex = 0; path = TrackMeUITests.xctest; sourceTree = BUILT_PRODUCTS_DIR; };
		C6CF4D2A2081FA0400B4DCE3 /* TrackMeUITests.swift */ = {isa = PBXFileReference; lastKnownFileType = sourcecode.swift; path = TrackMeUITests.swift; sourceTree = "<group>"; };
		C6CF4D2C2081FA0400B4DCE3 /* Info.plist */ = {isa = PBXFileReference; lastKnownFileType = text.plist.xml; path = Info.plist; sourceTree = "<group>"; };
		C6CF4D392081FB0000B4DCE3 /* LocalAuthentication.framework */ = {isa = PBXFileReference; lastKnownFileType = wrapper.framework; name = LocalAuthentication.framework; path = System/Library/Frameworks/LocalAuthentication.framework; sourceTree = SDKROOT; };
		C6CF4D3C2081FBA000B4DCE3 /* LocalAuthHandler.swift */ = {isa = PBXFileReference; lastKnownFileType = sourcecode.swift; path = LocalAuthHandler.swift; sourceTree = "<group>"; };
		C6CF4D3F2082007700B4DCE3 /* UIViewController+PresentedViewController.swift */ = {isa = PBXFileReference; lastKnownFileType = sourcecode.swift; path = "UIViewController+PresentedViewController.swift"; sourceTree = "<group>"; };
		C6CF4D44208216C500B4DCE3 /* HomeViewController.swift */ = {isa = PBXFileReference; lastKnownFileType = sourcecode.swift; path = HomeViewController.swift; sourceTree = "<group>"; };
		C6CF4D4920821B5100B4DCE3 /* LocationManager.swift */ = {isa = PBXFileReference; lastKnownFileType = sourcecode.swift; path = LocationManager.swift; sourceTree = "<group>"; };
		C6CF4D4D20822E1900B4DCE3 /* MapKit.framework */ = {isa = PBXFileReference; lastKnownFileType = wrapper.framework; name = MapKit.framework; path = System/Library/Frameworks/MapKit.framework; sourceTree = SDKROOT; };
		C6CF4D4F20823E7A00B4DCE3 /* UIViewController+Alert.swift */ = {isa = PBXFileReference; lastKnownFileType = sourcecode.swift; path = "UIViewController+Alert.swift"; sourceTree = "<group>"; };
		C6CF4D672082FB3A00B4DCE3 /* Model */ = {isa = PBXFileReference; lastKnownFileType = folder; path = Model; sourceTree = "<group>"; };
		C6CF4D6C2082FB8400B4DCE3 /* TravelTrack.xcdatamodel */ = {isa = PBXFileReference; lastKnownFileType = wrapper.xcdatamodel; path = TravelTrack.xcdatamodel; sourceTree = "<group>"; };
		C6CF4D702082FBFF00B4DCE3 /* PersistentStore.swift */ = {isa = PBXFileReference; lastKnownFileType = sourcecode.swift; path = PersistentStore.swift; sourceTree = "<group>"; };
		C6CF4D742082FCDD00B4DCE3 /* CoreDataManager.swift */ = {isa = PBXFileReference; lastKnownFileType = sourcecode.swift; path = CoreDataManager.swift; sourceTree = "<group>"; };
		C6CF4D792083536A00B4DCE3 /* HistoryViewController.swift */ = {isa = PBXFileReference; lastKnownFileType = sourcecode.swift; path = HistoryViewController.swift; sourceTree = "<group>"; };
		C6CF4D7D2083598B00B4DCE3 /* LocationTableViewCell.swift */ = {isa = PBXFileReference; lastKnownFileType = sourcecode.swift; path = LocationTableViewCell.swift; sourceTree = "<group>"; };
		C6CF4D8120835A9100B4DCE3 /* UIView+Autolayout.swift */ = {isa = PBXFileReference; lastKnownFileType = sourcecode.swift; path = "UIView+Autolayout.swift"; sourceTree = "<group>"; };
		C6CF4D852083611C00B4DCE3 /* NSDate+String.swift */ = {isa = PBXFileReference; lastKnownFileType = sourcecode.swift; path = "NSDate+String.swift"; sourceTree = "<group>"; };
		E267A7E431A7C0FBEDEA7DB4 /* libPods-TrackMeTests.a */ = {isa = PBXFileReference; explicitFileType = archive.ar; includeInIndex = 0; path = "libPods-TrackMeTests.a"; sourceTree = BUILT_PRODUCTS_DIR; };
/* End PBXFileReference section */

/* Begin PBXFrameworksBuildPhase section */
		C6CF4D012081FA0200B4DCE3 /* Frameworks */ = {
			isa = PBXFrameworksBuildPhase;
			buildActionMask = 2147483647;
			files = (
				C6CF4D4E20822E1900B4DCE3 /* MapKit.framework in Frameworks */,
				36755F844D310C8612C624B5 /* libPods-TrackMe.a in Frameworks */,
			);
			runOnlyForDeploymentPostprocessing = 0;
		};
		C6CF4D182081FA0400B4DCE3 /* Frameworks */ = {
			isa = PBXFrameworksBuildPhase;
			buildActionMask = 2147483647;
			files = (
				1809663839CA7ACD0978D9B2 /* libPods-TrackMeTests.a in Frameworks */,
			);
			runOnlyForDeploymentPostprocessing = 0;
		};
		C6CF4D232081FA0400B4DCE3 /* Frameworks */ = {
			isa = PBXFrameworksBuildPhase;
			buildActionMask = 2147483647;
			files = (
				0304A68EFA9033D01EEE8124 /* libPods-TrackMeUITests.a in Frameworks */,
			);
			runOnlyForDeploymentPostprocessing = 0;
		};
/* End PBXFrameworksBuildPhase section */

/* Begin PBXGroup section */
		43350B54401AE9D938030BC6 /* Pods */ = {
			isa = PBXGroup;
			children = (
				37500277C8F983DFF6B754CC /* Pods-TrackMe.debug.xcconfig */,
				BF5784B468FE44ED59A2FAB2 /* Pods-TrackMe.release.xcconfig */,
				79B87F3EF026804BF7E4C19A /* Pods-TrackMeTests.debug.xcconfig */,
				0C10711E0B20938051D84C2E /* Pods-TrackMeTests.release.xcconfig */,
				33B0E5DA32EF43587D36888F /* Pods-TrackMeUITests.debug.xcconfig */,
				A16F4EA44086A8983778591C /* Pods-TrackMeUITests.release.xcconfig */,
			);
			name = Pods;
			sourceTree = "<group>";
		};
		C6A6C0FE20882E7A00AB4A9D /* MapView */ = {
			isa = PBXGroup;
			children = (
				C6A6C0FF20882E9200AB4A9D /* MapViewController.swift */,
			);
			path = MapView;
			sourceTree = "<group>";
		};
		C6CF4CFB2081FA0200B4DCE3 = {
			isa = PBXGroup;
			children = (
				C6CF4D062081FA0200B4DCE3 /* TrackMe */,
				C6CF4D1E2081FA0400B4DCE3 /* TrackMeTests */,
				C6CF4D292081FA0400B4DCE3 /* TrackMeUITests */,
				C6CF4D052081FA0200B4DCE3 /* Products */,
				C6CF4D382081FB0000B4DCE3 /* Frameworks */,
				43350B54401AE9D938030BC6 /* Pods */,
			);
			sourceTree = "<group>";
		};
		C6CF4D052081FA0200B4DCE3 /* Products */ = {
			isa = PBXGroup;
			children = (
				C6CF4D042081FA0200B4DCE3 /* TrackMe.app */,
				C6CF4D1B2081FA0400B4DCE3 /* TrackMeTests.xctest */,
				C6CF4D262081FA0400B4DCE3 /* TrackMeUITests.xctest */,
			);
			name = Products;
			sourceTree = "<group>";
		};
		C6CF4D062081FA0200B4DCE3 /* TrackMe */ = {
			isa = PBXGroup;
			children = (
				C6A6C0FE20882E7A00AB4A9D /* MapView */,
				C6CF4D782083535400B4DCE3 /* History */,
				C6CF4D5D2082FB1600B4DCE3 /* Coredata */,
				C6CF4D4820821B3A00B4DCE3 /* Location */,
				C6CF4D43208216A800B4DCE3 /* Home */,
				C6CF4D3E2082003E00B4DCE3 /* Extensions */,
				C6CF4D3B2081FB8700B4DCE3 /* Authendication */,
				C6CF4D072081FA0200B4DCE3 /* AppDelegate.swift */,
				C6CF4D0B2081FA0300B4DCE3 /* Main.storyboard */,
				C6CF4D112081FA0400B4DCE3 /* Assets.xcassets */,
				C6CF4D132081FA0400B4DCE3 /* LaunchScreen.storyboard */,
				C6CF4D162081FA0400B4DCE3 /* Info.plist */,
			);
			path = TrackMe;
			sourceTree = "<group>";
		};
		C6CF4D1E2081FA0400B4DCE3 /* TrackMeTests */ = {
			isa = PBXGroup;
			children = (
				C6CF4D1F2081FA0400B4DCE3 /* TrackMeTests.swift */,
				C6CF4D212081FA0400B4DCE3 /* Info.plist */,
			);
			path = TrackMeTests;
			sourceTree = "<group>";
		};
		C6CF4D292081FA0400B4DCE3 /* TrackMeUITests */ = {
			isa = PBXGroup;
			children = (
				C6CF4D2A2081FA0400B4DCE3 /* TrackMeUITests.swift */,
				C6CF4D2C2081FA0400B4DCE3 /* Info.plist */,
			);
			path = TrackMeUITests;
			sourceTree = "<group>";
		};
		C6CF4D382081FB0000B4DCE3 /* Frameworks */ = {
			isa = PBXGroup;
			children = (
				C6CF4D4D20822E1900B4DCE3 /* MapKit.framework */,
				C6CF4D392081FB0000B4DCE3 /* LocalAuthentication.framework */,
				3392C043BB297EF93CA0DAFD /* libPods-TrackMe.a */,
				E267A7E431A7C0FBEDEA7DB4 /* libPods-TrackMeTests.a */,
				7D55913506D7E923E5529735 /* libPods-TrackMeUITests.a */,
			);
			name = Frameworks;
			sourceTree = "<group>";
		};
		C6CF4D3B2081FB8700B4DCE3 /* Authendication */ = {
			isa = PBXGroup;
			children = (
				C6CF4D3C2081FBA000B4DCE3 /* LocalAuthHandler.swift */,
			);
			path = Authendication;
			sourceTree = "<group>";
		};
		C6CF4D3E2082003E00B4DCE3 /* Extensions */ = {
			isa = PBXGroup;
			children = (
				C6CF4D3F2082007700B4DCE3 /* UIViewController+PresentedViewController.swift */,
				C6CF4D4F20823E7A00B4DCE3 /* UIViewController+Alert.swift */,
				C6CF4D8120835A9100B4DCE3 /* UIView+Autolayout.swift */,
				C6CF4D852083611C00B4DCE3 /* NSDate+String.swift */,
				C6A74B092088333700C680B3 /* UserDefaults.swift */,
			);
			path = Extensions;
			sourceTree = "<group>";
		};
		C6CF4D43208216A800B4DCE3 /* Home */ = {
			isa = PBXGroup;
			children = (
				C6CF4D44208216C500B4DCE3 /* HomeViewController.swift */,
			);
			path = Home;
			sourceTree = "<group>";
		};
		C6CF4D4820821B3A00B4DCE3 /* Location */ = {
			isa = PBXGroup;
			children = (
				C6CF4D4920821B5100B4DCE3 /* LocationManager.swift */,
			);
			path = Location;
			sourceTree = "<group>";
		};
		C6CF4D5D2082FB1600B4DCE3 /* Coredata */ = {
			isa = PBXGroup;
			children = (
				C6CF4D6B2082FB8400B4DCE3 /* TrackMe.xcdatamodeld */,
				C6CF4D672082FB3A00B4DCE3 /* Model */,
				C6CF4D702082FBFF00B4DCE3 /* PersistentStore.swift */,
				C6CF4D742082FCDD00B4DCE3 /* CoreDataManager.swift */,
			);
			path = Coredata;
			sourceTree = "<group>";
		};
		C6CF4D782083535400B4DCE3 /* History */ = {
			isa = PBXGroup;
			children = (
				C6CF4D792083536A00B4DCE3 /* HistoryViewController.swift */,
				C6CF4D7D2083598B00B4DCE3 /* LocationTableViewCell.swift */,
			);
			path = History;
			sourceTree = "<group>";
		};
/* End PBXGroup section */

/* Begin PBXNativeTarget section */
		C6CF4D032081FA0200B4DCE3 /* TrackMe */ = {
			isa = PBXNativeTarget;
			buildConfigurationList = C6CF4D2F2081FA0400B4DCE3 /* Build configuration list for PBXNativeTarget "TrackMe" */;
			buildPhases = (
				C3C921525EDB84649694624C /* [CP] Check Pods Manifest.lock */,
				C6CF4D002081FA0200B4DCE3 /* Sources */,
				C6CF4D012081FA0200B4DCE3 /* Frameworks */,
				C6CF4D022081FA0200B4DCE3 /* Resources */,
				6DDF7E488119213144318EB8 /* [CP] Copy Pods Resources */,
			);
			buildRules = (
			);
			dependencies = (
			);
			name = TrackMe;
			productName = TravelTrack;
			productReference = C6CF4D042081FA0200B4DCE3 /* TrackMe.app */;
			productType = "com.apple.product-type.application";
		};
		C6CF4D1A2081FA0400B4DCE3 /* TrackMeTests */ = {
			isa = PBXNativeTarget;
			buildConfigurationList = C6CF4D322081FA0400B4DCE3 /* Build configuration list for PBXNativeTarget "TrackMeTests" */;
			buildPhases = (
				2AB560458C3EC506B91A8C63 /* [CP] Check Pods Manifest.lock */,
				C6CF4D172081FA0400B4DCE3 /* Sources */,
				C6CF4D182081FA0400B4DCE3 /* Frameworks */,
				C6CF4D192081FA0400B4DCE3 /* Resources */,
			);
			buildRules = (
			);
			dependencies = (
				C6CF4D1D2081FA0400B4DCE3 /* PBXTargetDependency */,
			);
			name = TrackMeTests;
			productName = TravelTrackTests;
			productReference = C6CF4D1B2081FA0400B4DCE3 /* TrackMeTests.xctest */;
			productType = "com.apple.product-type.bundle.unit-test";
		};
		C6CF4D252081FA0400B4DCE3 /* TrackMeUITests */ = {
			isa = PBXNativeTarget;
			buildConfigurationList = C6CF4D352081FA0400B4DCE3 /* Build configuration list for PBXNativeTarget "TrackMeUITests" */;
			buildPhases = (
				788C1089217D24E90CE186FE /* [CP] Check Pods Manifest.lock */,
				C6CF4D222081FA0400B4DCE3 /* Sources */,
				C6CF4D232081FA0400B4DCE3 /* Frameworks */,
				C6CF4D242081FA0400B4DCE3 /* Resources */,
			);
			buildRules = (
			);
			dependencies = (
				C6CF4D282081FA0400B4DCE3 /* PBXTargetDependency */,
			);
			name = TrackMeUITests;
			productName = TravelTrackUITests;
			productReference = C6CF4D262081FA0400B4DCE3 /* TrackMeUITests.xctest */;
			productType = "com.apple.product-type.bundle.ui-testing";
		};
/* End PBXNativeTarget section */

/* Begin PBXProject section */
		C6CF4CFC2081FA0200B4DCE3 /* Project object */ = {
			isa = PBXProject;
			attributes = {
				LastSwiftUpdateCheck = 0930;
				LastUpgradeCheck = 0930;
				ORGANIZATIONNAME = iTamilan;
				TargetAttributes = {
					C6CF4D032081FA0200B4DCE3 = {
						CreatedOnToolsVersion = 9.3;
						SystemCapabilities = {
							com.apple.BackgroundModes = {
								enabled = 1;
							};
							com.apple.Maps.iOS = {
								enabled = 1;
							};
						};
					};
					C6CF4D1A2081FA0400B4DCE3 = {
						CreatedOnToolsVersion = 9.3;
						TestTargetID = C6CF4D032081FA0200B4DCE3;
					};
					C6CF4D252081FA0400B4DCE3 = {
						CreatedOnToolsVersion = 9.3;
						TestTargetID = C6CF4D032081FA0200B4DCE3;
					};
				};
			};
			buildConfigurationList = C6CF4CFF2081FA0200B4DCE3 /* Build configuration list for PBXProject "TrackMe" */;
			compatibilityVersion = "Xcode 9.3";
			developmentRegion = en;
			hasScannedForEncodings = 0;
			knownRegions = (
				en,
				Base,
			);
			mainGroup = C6CF4CFB2081FA0200B4DCE3;
			productRefGroup = C6CF4D052081FA0200B4DCE3 /* Products */;
			projectDirPath = "";
			projectRoot = "";
			targets = (
				C6CF4D032081FA0200B4DCE3 /* TrackMe */,
				C6CF4D1A2081FA0400B4DCE3 /* TrackMeTests */,
				C6CF4D252081FA0400B4DCE3 /* TrackMeUITests */,
			);
		};
/* End PBXProject section */

/* Begin PBXResourcesBuildPhase section */
		C6CF4D022081FA0200B4DCE3 /* Resources */ = {
			isa = PBXResourcesBuildPhase;
			buildActionMask = 2147483647;
			files = (
				C6CF4D152081FA0400B4DCE3 /* LaunchScreen.storyboard in Resources */,
				C6CF4D122081FA0400B4DCE3 /* Assets.xcassets in Resources */,
				C6CF4D0D2081FA0300B4DCE3 /* Main.storyboard in Resources */,
			);
			runOnlyForDeploymentPostprocessing = 0;
		};
		C6CF4D192081FA0400B4DCE3 /* Resources */ = {
			isa = PBXResourcesBuildPhase;
			buildActionMask = 2147483647;
			files = (
			);
			runOnlyForDeploymentPostprocessing = 0;
		};
		C6CF4D242081FA0400B4DCE3 /* Resources */ = {
			isa = PBXResourcesBuildPhase;
			buildActionMask = 2147483647;
			files = (
			);
			runOnlyForDeploymentPostprocessing = 0;
		};
/* End PBXResourcesBuildPhase section */

/* Begin PBXShellScriptBuildPhase section */
		2AB560458C3EC506B91A8C63 /* [CP] Check Pods Manifest.lock */ = {
			isa = PBXShellScriptBuildPhase;
			buildActionMask = 2147483647;
			files = (
			);
			inputPaths = (
				"${PODS_PODFILE_DIR_PATH}/Podfile.lock",
				"${PODS_ROOT}/Manifest.lock",
			);
			name = "[CP] Check Pods Manifest.lock";
			outputPaths = (
				"$(DERIVED_FILE_DIR)/Pods-TrackMeTests-checkManifestLockResult.txt",
			);
			runOnlyForDeploymentPostprocessing = 0;
			shellPath = /bin/sh;
			shellScript = "diff \"${PODS_PODFILE_DIR_PATH}/Podfile.lock\" \"${PODS_ROOT}/Manifest.lock\" > /dev/null\nif [ $? != 0 ] ; then\n    # print error to STDERR\n    echo \"error: The sandbox is not in sync with the Podfile.lock. Run 'pod install' or update your CocoaPods installation.\" >&2\n    exit 1\nfi\n# This output is used by Xcode 'outputs' to avoid re-running this script phase.\necho \"SUCCESS\" > \"${SCRIPT_OUTPUT_FILE_0}\"\n";
			showEnvVarsInLog = 0;
		};
		6DDF7E488119213144318EB8 /* [CP] Copy Pods Resources */ = {
			isa = PBXShellScriptBuildPhase;
			buildActionMask = 2147483647;
			files = (
			);
			inputPaths = (
				"${SRCROOT}/Pods/Target Support Files/Pods-TrackMe/Pods-TrackMe-resources.sh",
				"${PODS_ROOT}/GoogleMaps/Maps/Frameworks/GoogleMaps.framework/Resources/GoogleMaps.bundle",
				"${PODS_ROOT}/GooglePlaces/Frameworks/GooglePlaces.framework/Resources/GooglePlaces.bundle",
			);
			name = "[CP] Copy Pods Resources";
			outputPaths = (
				"${TARGET_BUILD_DIR}/${UNLOCALIZED_RESOURCES_FOLDER_PATH}/GoogleMaps.bundle",
				"${TARGET_BUILD_DIR}/${UNLOCALIZED_RESOURCES_FOLDER_PATH}/GooglePlaces.bundle",
			);
			runOnlyForDeploymentPostprocessing = 0;
			shellPath = /bin/sh;
			shellScript = "\"${SRCROOT}/Pods/Target Support Files/Pods-TrackMe/Pods-TrackMe-resources.sh\"\n";
			showEnvVarsInLog = 0;
		};
		788C1089217D24E90CE186FE /* [CP] Check Pods Manifest.lock */ = {
			isa = PBXShellScriptBuildPhase;
			buildActionMask = 2147483647;
			files = (
			);
			inputPaths = (
				"${PODS_PODFILE_DIR_PATH}/Podfile.lock",
				"${PODS_ROOT}/Manifest.lock",
			);
			name = "[CP] Check Pods Manifest.lock";
			outputPaths = (
				"$(DERIVED_FILE_DIR)/Pods-TrackMeUITests-checkManifestLockResult.txt",
			);
			runOnlyForDeploymentPostprocessing = 0;
			shellPath = /bin/sh;
			shellScript = "diff \"${PODS_PODFILE_DIR_PATH}/Podfile.lock\" \"${PODS_ROOT}/Manifest.lock\" > /dev/null\nif [ $? != 0 ] ; then\n    # print error to STDERR\n    echo \"error: The sandbox is not in sync with the Podfile.lock. Run 'pod install' or update your CocoaPods installation.\" >&2\n    exit 1\nfi\n# This output is used by Xcode 'outputs' to avoid re-running this script phase.\necho \"SUCCESS\" > \"${SCRIPT_OUTPUT_FILE_0}\"\n";
			showEnvVarsInLog = 0;
		};
		C3C921525EDB84649694624C /* [CP] Check Pods Manifest.lock */ = {
			isa = PBXShellScriptBuildPhase;
			buildActionMask = 2147483647;
			files = (
			);
			inputPaths = (
				"${PODS_PODFILE_DIR_PATH}/Podfile.lock",
				"${PODS_ROOT}/Manifest.lock",
			);
			name = "[CP] Check Pods Manifest.lock";
			outputPaths = (
				"$(DERIVED_FILE_DIR)/Pods-TrackMe-checkManifestLockResult.txt",
			);
			runOnlyForDeploymentPostprocessing = 0;
			shellPath = /bin/sh;
			shellScript = "diff \"${PODS_PODFILE_DIR_PATH}/Podfile.lock\" \"${PODS_ROOT}/Manifest.lock\" > /dev/null\nif [ $? != 0 ] ; then\n    # print error to STDERR\n    echo \"error: The sandbox is not in sync with the Podfile.lock. Run 'pod install' or update your CocoaPods installation.\" >&2\n    exit 1\nfi\n# This output is used by Xcode 'outputs' to avoid re-running this script phase.\necho \"SUCCESS\" > \"${SCRIPT_OUTPUT_FILE_0}\"\n";
			showEnvVarsInLog = 0;
		};
/* End PBXShellScriptBuildPhase section */

/* Begin PBXSourcesBuildPhase section */
		C6CF4D002081FA0200B4DCE3 /* Sources */ = {
			isa = PBXSourcesBuildPhase;
			buildActionMask = 2147483647;
			files = (
				C6CF4D7E2083598B00B4DCE3 /* LocationTableViewCell.swift in Sources */,
				C6CF4D8220835A9100B4DCE3 /* UIView+Autolayout.swift in Sources */,
				C6CF4D3D2081FBA000B4DCE3 /* LocalAuthHandler.swift in Sources */,
				C6CF4D5020823E7A00B4DCE3 /* UIViewController+Alert.swift in Sources */,
				C6CF4D6D2082FB8400B4DCE3 /* TrackMe.xcdatamodeld in Sources */,
				C6CF4D7A2083536A00B4DCE3 /* HistoryViewController.swift in Sources */,
				C6CF4D4A20821B5100B4DCE3 /* LocationManager.swift in Sources */,
				C6CF4D082081FA0200B4DCE3 /* AppDelegate.swift in Sources */,
				C6CF4D402082007700B4DCE3 /* UIViewController+PresentedViewController.swift in Sources */,
				C6CF4D752082FCDD00B4DCE3 /* CoreDataManager.swift in Sources */,
				C6CF4D712082FBFF00B4DCE3 /* PersistentStore.swift in Sources */,
				C6A74B0A2088333700C680B3 /* UserDefaults.swift in Sources */,
				C6CF4D862083611C00B4DCE3 /* NSDate+String.swift in Sources */,
				C6CF4D45208216C500B4DCE3 /* HomeViewController.swift in Sources */,
				C6A6C10020882E9200AB4A9D /* MapViewController.swift in Sources */,
			);
			runOnlyForDeploymentPostprocessing = 0;
		};
		C6CF4D172081FA0400B4DCE3 /* Sources */ = {
			isa = PBXSourcesBuildPhase;
			buildActionMask = 2147483647;
			files = (
				C6CF4D8320835A9100B4DCE3 /* UIView+Autolayout.swift in Sources */,
				C6CF4D4B20821B5100B4DCE3 /* LocationManager.swift in Sources */,
				C6CF4D6E2082FB8400B4DCE3 /* TrackMe.xcdatamodeld in Sources */,
				C6CF4D412082007700B4DCE3 /* UIViewController+PresentedViewController.swift in Sources */,
				C6CF4D5120823E7A00B4DCE3 /* UIViewController+Alert.swift in Sources */,
				C6CF4D202081FA0400B4DCE3 /* TrackMeTests.swift in Sources */,
				C6CF4D722082FBFF00B4DCE3 /* PersistentStore.swift in Sources */,
				C6CF4D872083611C00B4DCE3 /* NSDate+String.swift in Sources */,
				C6CF4D7B2083536A00B4DCE3 /* HistoryViewController.swift in Sources */,
				C6CF4D762082FCDD00B4DCE3 /* CoreDataManager.swift in Sources */,
				C6CF4D7F2083598B00B4DCE3 /* LocationTableViewCell.swift in Sources */,
				C6CF4D46208216C500B4DCE3 /* HomeViewController.swift in Sources */,
			);
			runOnlyForDeploymentPostprocessing = 0;
		};
		C6CF4D222081FA0400B4DCE3 /* Sources */ = {
			isa = PBXSourcesBuildPhase;
			buildActionMask = 2147483647;
			files = (
				C6CF4D8420835A9100B4DCE3 /* UIView+Autolayout.swift in Sources */,
				C6CF4D4C20821B5100B4DCE3 /* LocationManager.swift in Sources */,
				C6CF4D6F2082FB8400B4DCE3 /* TrackMe.xcdatamodeld in Sources */,
				C6CF4D422082007700B4DCE3 /* UIViewController+PresentedViewController.swift in Sources */,
				C6CF4D5220823E7A00B4DCE3 /* UIViewController+Alert.swift in Sources */,
				C6CF4D2B2081FA0400B4DCE3 /* TrackMeUITests.swift in Sources */,
				C6CF4D732082FBFF00B4DCE3 /* PersistentStore.swift in Sources */,
				C6CF4D882083611C00B4DCE3 /* NSDate+String.swift in Sources */,
				C6CF4D7C2083536A00B4DCE3 /* HistoryViewController.swift in Sources */,
				C6CF4D772082FCDD00B4DCE3 /* CoreDataManager.swift in Sources */,
				C6CF4D802083598B00B4DCE3 /* LocationTableViewCell.swift in Sources */,
				C6CF4D47208216C500B4DCE3 /* HomeViewController.swift in Sources */,
			);
			runOnlyForDeploymentPostprocessing = 0;
		};
/* End PBXSourcesBuildPhase section */

/* Begin PBXTargetDependency section */
		C6CF4D1D2081FA0400B4DCE3 /* PBXTargetDependency */ = {
			isa = PBXTargetDependency;
			target = C6CF4D032081FA0200B4DCE3 /* TrackMe */;
			targetProxy = C6CF4D1C2081FA0400B4DCE3 /* PBXContainerItemProxy */;
		};
		C6CF4D282081FA0400B4DCE3 /* PBXTargetDependency */ = {
			isa = PBXTargetDependency;
			target = C6CF4D032081FA0200B4DCE3 /* TrackMe */;
			targetProxy = C6CF4D272081FA0400B4DCE3 /* PBXContainerItemProxy */;
		};
/* End PBXTargetDependency section */

/* Begin PBXVariantGroup section */
		C6CF4D0B2081FA0300B4DCE3 /* Main.storyboard */ = {
			isa = PBXVariantGroup;
			children = (
				C6CF4D0C2081FA0300B4DCE3 /* Base */,
			);
			name = Main.storyboard;
			sourceTree = "<group>";
		};
		C6CF4D132081FA0400B4DCE3 /* LaunchScreen.storyboard */ = {
			isa = PBXVariantGroup;
			children = (
				C6CF4D142081FA0400B4DCE3 /* Base */,
			);
			name = LaunchScreen.storyboard;
			sourceTree = "<group>";
		};
/* End PBXVariantGroup section */

/* Begin XCBuildConfiguration section */
		C6CF4D2D2081FA0400B4DCE3 /* Debug */ = {
			isa = XCBuildConfiguration;
			buildSettings = {
				ALWAYS_SEARCH_USER_PATHS = NO;
				CLANG_ANALYZER_NONNULL = YES;
				CLANG_ANALYZER_NUMBER_OBJECT_CONVERSION = YES_AGGRESSIVE;
				CLANG_CXX_LANGUAGE_STANDARD = "gnu++14";
				CLANG_CXX_LIBRARY = "libc++";
				CLANG_ENABLE_MODULES = YES;
				CLANG_ENABLE_OBJC_ARC = YES;
				CLANG_ENABLE_OBJC_WEAK = YES;
				CLANG_WARN_BLOCK_CAPTURE_AUTORELEASING = YES;
				CLANG_WARN_BOOL_CONVERSION = YES;
				CLANG_WARN_COMMA = YES;
				CLANG_WARN_CONSTANT_CONVERSION = YES;
				CLANG_WARN_DEPRECATED_OBJC_IMPLEMENTATIONS = YES;
				CLANG_WARN_DIRECT_OBJC_ISA_USAGE = YES_ERROR;
				CLANG_WARN_DOCUMENTATION_COMMENTS = YES;
				CLANG_WARN_EMPTY_BODY = YES;
				CLANG_WARN_ENUM_CONVERSION = YES;
				CLANG_WARN_INFINITE_RECURSION = YES;
				CLANG_WARN_INT_CONVERSION = YES;
				CLANG_WARN_NON_LITERAL_NULL_CONVERSION = YES;
				CLANG_WARN_OBJC_IMPLICIT_RETAIN_SELF = YES;
				CLANG_WARN_OBJC_LITERAL_CONVERSION = YES;
				CLANG_WARN_OBJC_ROOT_CLASS = YES_ERROR;
				CLANG_WARN_RANGE_LOOP_ANALYSIS = YES;
				CLANG_WARN_STRICT_PROTOTYPES = YES;
				CLANG_WARN_SUSPICIOUS_MOVE = YES;
				CLANG_WARN_UNGUARDED_AVAILABILITY = YES_AGGRESSIVE;
				CLANG_WARN_UNREACHABLE_CODE = YES;
				CLANG_WARN__DUPLICATE_METHOD_MATCH = YES;
				CODE_SIGN_IDENTITY = "iPhone Developer";
				COPY_PHASE_STRIP = NO;
				DEBUG_INFORMATION_FORMAT = dwarf;
				ENABLE_STRICT_OBJC_MSGSEND = YES;
				ENABLE_TESTABILITY = YES;
				GCC_C_LANGUAGE_STANDARD = gnu11;
				GCC_DYNAMIC_NO_PIC = NO;
				GCC_NO_COMMON_BLOCKS = YES;
				GCC_OPTIMIZATION_LEVEL = 0;
				GCC_PREPROCESSOR_DEFINITIONS = (
					"DEBUG=1",
					"$(inherited)",
				);
				GCC_WARN_64_TO_32_BIT_CONVERSION = YES;
				GCC_WARN_ABOUT_RETURN_TYPE = YES_ERROR;
				GCC_WARN_UNDECLARED_SELECTOR = YES;
				GCC_WARN_UNINITIALIZED_AUTOS = YES_AGGRESSIVE;
				GCC_WARN_UNUSED_FUNCTION = YES;
				GCC_WARN_UNUSED_VARIABLE = YES;
				IPHONEOS_DEPLOYMENT_TARGET = 11.3;
				MTL_ENABLE_DEBUG_INFO = YES;
				ONLY_ACTIVE_ARCH = YES;
				SDKROOT = iphoneos;
				SWIFT_ACTIVE_COMPILATION_CONDITIONS = DEBUG;
				SWIFT_OPTIMIZATION_LEVEL = "-Onone";
			};
			name = Debug;
		};
		C6CF4D2E2081FA0400B4DCE3 /* Release */ = {
			isa = XCBuildConfiguration;
			buildSettings = {
				ALWAYS_SEARCH_USER_PATHS = NO;
				CLANG_ANALYZER_NONNULL = YES;
				CLANG_ANALYZER_NUMBER_OBJECT_CONVERSION = YES_AGGRESSIVE;
				CLANG_CXX_LANGUAGE_STANDARD = "gnu++14";
				CLANG_CXX_LIBRARY = "libc++";
				CLANG_ENABLE_MODULES = YES;
				CLANG_ENABLE_OBJC_ARC = YES;
				CLANG_ENABLE_OBJC_WEAK = YES;
				CLANG_WARN_BLOCK_CAPTURE_AUTORELEASING = YES;
				CLANG_WARN_BOOL_CONVERSION = YES;
				CLANG_WARN_COMMA = YES;
				CLANG_WARN_CONSTANT_CONVERSION = YES;
				CLANG_WARN_DEPRECATED_OBJC_IMPLEMENTATIONS = YES;
				CLANG_WARN_DIRECT_OBJC_ISA_USAGE = YES_ERROR;
				CLANG_WARN_DOCUMENTATION_COMMENTS = YES;
				CLANG_WARN_EMPTY_BODY = YES;
				CLANG_WARN_ENUM_CONVERSION = YES;
				CLANG_WARN_INFINITE_RECURSION = YES;
				CLANG_WARN_INT_CONVERSION = YES;
				CLANG_WARN_NON_LITERAL_NULL_CONVERSION = YES;
				CLANG_WARN_OBJC_IMPLICIT_RETAIN_SELF = YES;
				CLANG_WARN_OBJC_LITERAL_CONVERSION = YES;
				CLANG_WARN_OBJC_ROOT_CLASS = YES_ERROR;
				CLANG_WARN_RANGE_LOOP_ANALYSIS = YES;
				CLANG_WARN_STRICT_PROTOTYPES = YES;
				CLANG_WARN_SUSPICIOUS_MOVE = YES;
				CLANG_WARN_UNGUARDED_AVAILABILITY = YES_AGGRESSIVE;
				CLANG_WARN_UNREACHABLE_CODE = YES;
				CLANG_WARN__DUPLICATE_METHOD_MATCH = YES;
				CODE_SIGN_IDENTITY = "iPhone Developer";
				COPY_PHASE_STRIP = NO;
				DEBUG_INFORMATION_FORMAT = "dwarf-with-dsym";
				ENABLE_NS_ASSERTIONS = NO;
				ENABLE_STRICT_OBJC_MSGSEND = YES;
				GCC_C_LANGUAGE_STANDARD = gnu11;
				GCC_NO_COMMON_BLOCKS = YES;
				GCC_WARN_64_TO_32_BIT_CONVERSION = YES;
				GCC_WARN_ABOUT_RETURN_TYPE = YES_ERROR;
				GCC_WARN_UNDECLARED_SELECTOR = YES;
				GCC_WARN_UNINITIALIZED_AUTOS = YES_AGGRESSIVE;
				GCC_WARN_UNUSED_FUNCTION = YES;
				GCC_WARN_UNUSED_VARIABLE = YES;
				IPHONEOS_DEPLOYMENT_TARGET = 11.3;
				MTL_ENABLE_DEBUG_INFO = NO;
				SDKROOT = iphoneos;
				SWIFT_COMPILATION_MODE = wholemodule;
				SWIFT_OPTIMIZATION_LEVEL = "-O";
				VALIDATE_PRODUCT = YES;
			};
			name = Release;
		};
		C6CF4D302081FA0400B4DCE3 /* Debug */ = {
			isa = XCBuildConfiguration;
			baseConfigurationReference = 37500277C8F983DFF6B754CC /* Pods-TrackMe.debug.xcconfig */;
			buildSettings = {
				ASSETCATALOG_COMPILER_APPICON_NAME = AppIcon;
				CODE_SIGN_STYLE = Manual;
				DEVELOPMENT_TEAM = JF76X6NH3V;
				INFOPLIST_FILE = TrackMe/Info.plist;
				IPHONEOS_DEPLOYMENT_TARGET = 11.0;
				LD_RUNPATH_SEARCH_PATHS = (
					"$(inherited)",
					"@executable_path/Frameworks",
				);
				PRODUCT_BUNDLE_IDENTIFIER = com.itamila.TrackMe;
				PRODUCT_NAME = "$(TARGET_NAME)";
				PROVISIONING_PROFILE = "08b317f4-df3c-4658-b2ec-0f5050187315";
				PROVISIONING_PROFILE_SPECIFIER = WilcardProvisioningProfile;
				SWIFT_VERSION = 4.0;
				TARGETED_DEVICE_FAMILY = "1,2";
			};
			name = Debug;
		};
		C6CF4D312081FA0400B4DCE3 /* Release */ = {
			isa = XCBuildConfiguration;
			baseConfigurationReference = BF5784B468FE44ED59A2FAB2 /* Pods-TrackMe.release.xcconfig */;
			buildSettings = {
				ASSETCATALOG_COMPILER_APPICON_NAME = AppIcon;
				CODE_SIGN_STYLE = Manual;
				DEVELOPMENT_TEAM = JF76X6NH3V;
				INFOPLIST_FILE = TrackMe/Info.plist;
				IPHONEOS_DEPLOYMENT_TARGET = 11.0;
				LD_RUNPATH_SEARCH_PATHS = (
					"$(inherited)",
					"@executable_path/Frameworks",
				);
				PRODUCT_BUNDLE_IDENTIFIER = com.itamila.TrackMe;
				PRODUCT_NAME = "$(TARGET_NAME)";
				PROVISIONING_PROFILE = "08b317f4-df3c-4658-b2ec-0f5050187315";
				PROVISIONING_PROFILE_SPECIFIER = WilcardProvisioningProfile;
				SWIFT_VERSION = 4.0;
				TARGETED_DEVICE_FAMILY = "1,2";
			};
			name = Release;
		};
		C6CF4D332081FA0400B4DCE3 /* Debug */ = {
			isa = XCBuildConfiguration;
			baseConfigurationReference = 79B87F3EF026804BF7E4C19A /* Pods-TrackMeTests.debug.xcconfig */;
			buildSettings = {
				ALWAYS_EMBED_SWIFT_STANDARD_LIBRARIES = YES;
				BUNDLE_LOADER = "$(TEST_HOST)";
				CODE_SIGN_STYLE = Automatic;
				INFOPLIST_FILE = TrackMeTests/Info.plist;
				LD_RUNPATH_SEARCH_PATHS = (
					"$(inherited)",
					"@executable_path/Frameworks",
					"@loader_path/Frameworks",
				);
				PRODUCT_BUNDLE_IDENTIFIER = com.itamila.TrackMeTests;
				PRODUCT_NAME = "$(TARGET_NAME)";
				SWIFT_VERSION = 4.0;
				TARGETED_DEVICE_FAMILY = "1,2";
				TEST_HOST = "$(BUILT_PRODUCTS_DIR)/TrackMe.app/TrackMe";
			};
			name = Debug;
		};
		C6CF4D342081FA0400B4DCE3 /* Release */ = {
			isa = XCBuildConfiguration;
			baseConfigurationReference = 0C10711E0B20938051D84C2E /* Pods-TrackMeTests.release.xcconfig */;
			buildSettings = {
				ALWAYS_EMBED_SWIFT_STANDARD_LIBRARIES = YES;
				BUNDLE_LOADER = "$(TEST_HOST)";
				CODE_SIGN_STYLE = Automatic;
				INFOPLIST_FILE = TrackMeTests/Info.plist;
				LD_RUNPATH_SEARCH_PATHS = (
					"$(inherited)",
					"@executable_path/Frameworks",
					"@loader_path/Frameworks",
				);
				PRODUCT_BUNDLE_IDENTIFIER = com.itamila.TrackMeTests;
				PRODUCT_NAME = "$(TARGET_NAME)";
				SWIFT_VERSION = 4.0;
				TARGETED_DEVICE_FAMILY = "1,2";
				TEST_HOST = "$(BUILT_PRODUCTS_DIR)/TrackMe.app/TrackMe";
			};
			name = Release;
		};
		C6CF4D362081FA0400B4DCE3 /* Debug */ = {
			isa = XCBuildConfiguration;
			baseConfigurationReference = 33B0E5DA32EF43587D36888F /* Pods-TrackMeUITests.debug.xcconfig */;
			buildSettings = {
				ALWAYS_EMBED_SWIFT_STANDARD_LIBRARIES = YES;
				CODE_SIGN_STYLE = Automatic;
				INFOPLIST_FILE = TrackMeUITests/Info.plist;
				LD_RUNPATH_SEARCH_PATHS = (
					"$(inherited)",
					"@executable_path/Frameworks",
					"@loader_path/Frameworks",
				);
				PRODUCT_BUNDLE_IDENTIFIER = com.itamila.TrackMeUITests;
				PRODUCT_NAME = "$(TARGET_NAME)";
				SWIFT_VERSION = 4.0;
				TARGETED_DEVICE_FAMILY = "1,2";
				TEST_TARGET_NAME = TrackMe;
			};
			name = Debug;
		};
		C6CF4D372081FA0400B4DCE3 /* Release */ = {
			isa = XCBuildConfiguration;
			baseConfigurationReference = A16F4EA44086A8983778591C /* Pods-TrackMeUITests.release.xcconfig */;
			buildSettings = {
				ALWAYS_EMBED_SWIFT_STANDARD_LIBRARIES = YES;
				CODE_SIGN_STYLE = Automatic;
				INFOPLIST_FILE = TrackMeUITests/Info.plist;
				LD_RUNPATH_SEARCH_PATHS = (
					"$(inherited)",
					"@executable_path/Frameworks",
					"@loader_path/Frameworks",
				);
				PRODUCT_BUNDLE_IDENTIFIER = com.itamila.TrackMeUITests;
				PRODUCT_NAME = "$(TARGET_NAME)";
				SWIFT_VERSION = 4.0;
				TARGETED_DEVICE_FAMILY = "1,2";
				TEST_TARGET_NAME = TrackMe;
			};
			name = Release;
		};
/* End XCBuildConfiguration section */

/* Begin XCConfigurationList section */
		C6CF4CFF2081FA0200B4DCE3 /* Build configuration list for PBXProject "TrackMe" */ = {
			isa = XCConfigurationList;
			buildConfigurations = (
				C6CF4D2D2081FA0400B4DCE3 /* Debug */,
				C6CF4D2E2081FA0400B4DCE3 /* Release */,
			);
			defaultConfigurationIsVisible = 0;
			defaultConfigurationName = Release;
		};
		C6CF4D2F2081FA0400B4DCE3 /* Build configuration list for PBXNativeTarget "TrackMe" */ = {
			isa = XCConfigurationList;
			buildConfigurations = (
				C6CF4D302081FA0400B4DCE3 /* Debug */,
				C6CF4D312081FA0400B4DCE3 /* Release */,
			);
			defaultConfigurationIsVisible = 0;
			defaultConfigurationName = Release;
		};
		C6CF4D322081FA0400B4DCE3 /* Build configuration list for PBXNativeTarget "TrackMeTests" */ = {
			isa = XCConfigurationList;
			buildConfigurations = (
				C6CF4D332081FA0400B4DCE3 /* Debug */,
				C6CF4D342081FA0400B4DCE3 /* Release */,
			);
			defaultConfigurationIsVisible = 0;
			defaultConfigurationName = Release;
		};
		C6CF4D352081FA0400B4DCE3 /* Build configuration list for PBXNativeTarget "TrackMeUITests" */ = {
			isa = XCConfigurationList;
			buildConfigurations = (
				C6CF4D362081FA0400B4DCE3 /* Debug */,
				C6CF4D372081FA0400B4DCE3 /* Release */,
			);
			defaultConfigurationIsVisible = 0;
			defaultConfigurationName = Release;
		};
/* End XCConfigurationList section */

/* Begin XCVersionGroup section */
		C6CF4D6B2082FB8400B4DCE3 /* TrackMe.xcdatamodeld */ = {
			isa = XCVersionGroup;
			children = (
				C6CF4D6C2082FB8400B4DCE3 /* TravelTrack.xcdatamodel */,
			);
			currentVersion = C6CF4D6C2082FB8400B4DCE3 /* TravelTrack.xcdatamodel */;
			path = TrackMe.xcdatamodeld;
			sourceTree = "<group>";
			versionGroupType = wrapper.xcdatamodel;
		};
/* End XCVersionGroup section */
	};
	rootObject = C6CF4CFC2081FA0200B4DCE3 /* Project object */;
}
